
Microsoft Visual Studio Solution File, Format Version 12.00
# Visual Studio 15
VisualStudioVersion = 15.0.28307.852
MinimumVisualStudioVersion = 10.0.40219.1
Project("{2150E333-8FDC-42A3-9474-1A3956D46DE8}") = "corelibs", "corelibs", "{4CF1E2E1-AF7E-4855-BDA8-E35D9BFDF462}"
EndProject
Project("{9A19103F-16F7-4668-BE54-9A1E7A4F7556}") = "Core", "Core\Core.csproj", "{92E4CE4C-1DA2-48F8-9375-A3220DCB5744}"
EndProject
Project("{9A19103F-16F7-4668-BE54-9A1E7A4F7556}") = "Services", "Services\Services.csproj", "{B44DECC5-D97A-4F02-A11E-4801BDE61D00}"
EndProject
Project("{9A19103F-16F7-4668-BE54-9A1E7A4F7556}") = "AllInOne", "AllInOne\AllInOne.csproj", "{A1BBBA88-7B09-4330-A880-C0C87A6FAED0}"
EndProject
Project("{FAE04EC0-301F-11D3-BF4B-00C04F79EFBC}") = "Languages", "Languages\Languages.csproj", "{F3008D70-E664-4F0F-8B9C-454ABA8CA3BB}"
EndProject
Global
	GlobalSection(SolutionConfigurationPlatforms) = preSolution
		Debug|Any CPU = Debug|Any CPU
		Release|Any CPU = Release|Any CPU
	EndGlobalSection
	GlobalSection(ProjectConfigurationPlatforms) = postSolution
		{92E4CE4C-1DA2-48F8-9375-A3220DCB5744}.Debug|Any CPU.ActiveCfg = Debug|Any CPU
		{92E4CE4C-1DA2-48F8-9375-A3220DCB5744}.Debug|Any CPU.Build.0 = Debug|Any CPU
		{92E4CE4C-1DA2-48F8-9375-A3220DCB5744}.Release|Any CPU.ActiveCfg = Release|Any CPU
		{92E4CE4C-1DA2-48F8-9375-A3220DCB5744}.Release|Any CPU.Build.0 = Release|Any CPU
		{B44DECC5-D97A-4F02-A11E-4801BDE61D00}.Debug|Any CPU.ActiveCfg = Debug|Any CPU
		{B44DECC5-D97A-4F02-A11E-4801BDE61D00}.Debug|Any CPU.Build.0 = Debug|Any CPU
		{B44DECC5-D97A-4F02-A11E-4801BDE61D00}.Release|Any CPU.ActiveCfg = Release|Any CPU
		{B44DECC5-D97A-4F02-A11E-4801BDE61D00}.Release|Any CPU.Build.0 = Release|Any CPU
		{A1BBBA88-7B09-4330-A880-C0C87A6FAED0}.Debug|Any CPU.ActiveCfg = Debug|Any CPU
		{A1BBBA88-7B09-4330-A880-C0C87A6FAED0}.Debug|Any CPU.Build.0 = Debug|Any CPU
		{A1BBBA88-7B09-4330-A880-C0C87A6FAED0}.Release|Any CPU.ActiveCfg = Release|Any CPU
		{A1BBBA88-7B09-4330-A880-C0C87A6FAED0}.Release|Any CPU.Build.0 = Release|Any CPU
		{F3008D70-E664-4F0F-8B9C-454ABA8CA3BB}.Debug|Any CPU.ActiveCfg = Debug|Any CPU
		{F3008D70-E664-4F0F-8B9C-454ABA8CA3BB}.Debug|Any CPU.Build.0 = Debug|Any CPU
		{F3008D70-E664-4F0F-8B9C-454ABA8CA3BB}.Release|Any CPU.ActiveCfg = Release|Any CPU
		{F3008D70-E664-4F0F-8B9C-454ABA8CA3BB}.Release|Any CPU.Build.0 = Release|Any CPU
	EndGlobalSection
	GlobalSection(SolutionProperties) = preSolution
		HideSolutionNode = FALSE
	EndGlobalSection
	GlobalSection(NestedProjects) = preSolution
		{92E4CE4C-1DA2-48F8-9375-A3220DCB5744} = {4CF1E2E1-AF7E-4855-BDA8-E35D9BFDF462}
		{B44DECC5-D97A-4F02-A11E-4801BDE61D00} = {4CF1E2E1-AF7E-4855-BDA8-E35D9BFDF462}
		{F3008D70-E664-4F0F-8B9C-454ABA8CA3BB} = {4CF1E2E1-AF7E-4855-BDA8-E35D9BFDF462}
	EndGlobalSection
	GlobalSection(ExtensibilityGlobals) = postSolution
		SolutionGuid = {0374D03C-C6A7-447C-8088-59A0922B039A}
	EndGlobalSection
EndGlobal
